// !$*UTF8*$!
{
	archiveVersion = 1;
	classes = {
	};
	objectVersion = 50;
	objects = {

/* Begin PBXBuildFile section */
		8A01110A21AD8E3B00789296 /* CollectionListViewController.swift in Sources */ = {isa = PBXBuildFile; fileRef = 8A01110921AD8E3B00789296 /* CollectionListViewController.swift */; };
		8A01110C21AD8E5000789296 /* SearchTableViewController.swift in Sources */ = {isa = PBXBuildFile; fileRef = 8A01110B21AD8E5000789296 /* SearchTableViewController.swift */; };
		8A01110E21AD9ABA00789296 /* SearchTableViewCell.swift in Sources */ = {isa = PBXBuildFile; fileRef = 8A01110D21AD9ABA00789296 /* SearchTableViewCell.swift */; };
		8A0DE9DA2199E5EE0090ABDE /* PictureDetailViewController.swift in Sources */ = {isa = PBXBuildFile; fileRef = 8A0DE9D92199E5EE0090ABDE /* PictureDetailViewController.swift */; };
		8A3161E1219523EC00827F28 /* ExploreCommuicator.swift in Sources */ = {isa = PBXBuildFile; fileRef = 8A3161E0219523EC00827F28 /* ExploreCommuicator.swift */; };
		8A3161E5219524A400827F28 /* Reachability.m in Sources */ = {isa = PBXBuildFile; fileRef = 8A3161E3219524A400827F28 /* Reachability.m */; };
		8A3161E7219526F600827F28 /* ExploreData.swift in Sources */ = {isa = PBXBuildFile; fileRef = 8A3161E6219526F600827F28 /* ExploreData.swift */; };
		8A613D6E21987F5400ADC06B /* ExploreCollectionViewCell.swift in Sources */ = {isa = PBXBuildFile; fileRef = 8A613D6D21987F5400ADC06B /* ExploreCollectionViewCell.swift */; };
		8A8F354621C4E40000E7B8C2 /* recomView.png in Resources */ = {isa = PBXBuildFile; fileRef = 8A8F354521C4E40000E7B8C2 /* recomView.png */; };
		8AA163B2217F5DC200D80197 /* AppDelegate.swift in Sources */ = {isa = PBXBuildFile; fileRef = 8AA163B1217F5DC200D80197 /* AppDelegate.swift */; };
		8AA163B6217F5DC200D80197 /* ExploreViewController.swift in Sources */ = {isa = PBXBuildFile; fileRef = 8AA163B5217F5DC200D80197 /* ExploreViewController.swift */; };
		8AA163BE217F5DC500D80197 /* LaunchScreen.storyboard in Resources */ = {isa = PBXBuildFile; fileRef = 8AA163BC217F5DC500D80197 /* LaunchScreen.storyboard */; };
		8AA2374021C2B76D00487361 /* newMyPageCollectionViewController.swift in Sources */ = {isa = PBXBuildFile; fileRef = 8AA2373F21C2B76D00487361 /* newMyPageCollectionViewController.swift */; };
		8AA71EB021B12778000B28BE /* MapPageViewController.swift in Sources */ = {isa = PBXBuildFile; fileRef = 8AA71EAE21B12778000B28BE /* MapPageViewController.swift */; };
		8AA71EB121B12778000B28BE /* MapCommunicator.swift in Sources */ = {isa = PBXBuildFile; fileRef = 8AA71EAF21B12778000B28BE /* MapCommunicator.swift */; };
		8AA71EBD21B1298D000B28BE /* PrintHelper.swift in Sources */ = {isa = PBXBuildFile; fileRef = 8AA71EB221B1298C000B28BE /* PrintHelper.swift */; };
		8AA71EBE21B1298D000B28BE /* PostCollectionViewCell.swift in Sources */ = {isa = PBXBuildFile; fileRef = 8AA71EB321B1298C000B28BE /* PostCollectionViewCell.swift */; };
		8AA71EC021B1298D000B28BE /* CollectCollectionViewCell.swift in Sources */ = {isa = PBXBuildFile; fileRef = 8AA71EB521B1298D000B28BE /* CollectCollectionViewCell.swift */; };
		8AA71EC121B1298D000B28BE /* MyPageViewController.swift in Sources */ = {isa = PBXBuildFile; fileRef = 8AA71EB621B1298D000B28BE /* MyPageViewController.swift */; };
		8AA71EC221B1298D000B28BE /* MapLocationViewController.swift in Sources */ = {isa = PBXBuildFile; fileRef = 8AA71EB721B1298D000B28BE /* MapLocationViewController.swift */; };
		8AA71EC321B1298D000B28BE /* SinglePostViewController.swift in Sources */ = {isa = PBXBuildFile; fileRef = 8AA71EB821B1298D000B28BE /* SinglePostViewController.swift */; };
		8AA71EC421B1298D000B28BE /* ImageManager.swift in Sources */ = {isa = PBXBuildFile; fileRef = 8AA71EB921B1298D000B28BE /* ImageManager.swift */; };
		8AA71EC521B1298D000B28BE /* NewPostViewController.swift in Sources */ = {isa = PBXBuildFile; fileRef = 8AA71EBA21B1298D000B28BE /* NewPostViewController.swift */; };
		8AA71EC621B1298D000B28BE /* UserprofileViewController.swift in Sources */ = {isa = PBXBuildFile; fileRef = 8AA71EBB21B1298D000B28BE /* UserprofileViewController.swift */; };
		8AA71EC721B1298D000B28BE /* Communicator.swift in Sources */ = {isa = PBXBuildFile; fileRef = 8AA71EBC21B1298D000B28BE /* Communicator.swift */; };
		8AA71ED121B12A1D000B28BE /* FriendlistTableViewController.swift in Sources */ = {isa = PBXBuildFile; fileRef = 8AA71EC821B12A1C000B28BE /* FriendlistTableViewController.swift */; };
		8AA71ED321B12A1D000B28BE /* FriendlistTableViewCell.swift in Sources */ = {isa = PBXBuildFile; fileRef = 8AA71ECA21B12A1D000B28BE /* FriendlistTableViewCell.swift */; };
		8AA71ED421B12A1D000B28BE /* EmojiRateView.swift in Sources */ = {isa = PBXBuildFile; fileRef = 8AA71ECB21B12A1D000B28BE /* EmojiRateView.swift */; };
		8AA71ED521B12A1D000B28BE /* GradientView.swift in Sources */ = {isa = PBXBuildFile; fileRef = 8AA71ECC21B12A1D000B28BE /* GradientView.swift */; };
		8AA71ED621B12A1D000B28BE /* TinderCard.swift in Sources */ = {isa = PBXBuildFile; fileRef = 8AA71ECD21B12A1D000B28BE /* TinderCard.swift */; };
		8AA71ED721B12A1D000B28BE /* FriendCommunicator.swift in Sources */ = {isa = PBXBuildFile; fileRef = 8AA71ECE21B12A1D000B28BE /* FriendCommunicator.swift */; };
		8AA71ED821B12A1D000B28BE /* FriendPageViewController.swift in Sources */ = {isa = PBXBuildFile; fileRef = 8AA71ECF21B12A1D000B28BE /* FriendPageViewController.swift */; };
		8AA71ED921B12A1D000B28BE /* InvitationViewController.swift in Sources */ = {isa = PBXBuildFile; fileRef = 8AA71ED021B12A1D000B28BE /* InvitationViewController.swift */; };
		8AA9DF86219D6BC1007FCA62 /* LocationMapViewController.swift in Sources */ = {isa = PBXBuildFile; fileRef = 8AA9DF85219D6BC1007FCA62 /* LocationMapViewController.swift */; };
		8AAC630321BE3724003D6EB6 /* TitleCollectionReusableView.swift in Sources */ = {isa = PBXBuildFile; fileRef = 8AAC630221BE3724003D6EB6 /* TitleCollectionReusableView.swift */; };
		8AAC630921BE3A22003D6EB6 /* MatchTableViewCell.swift in Sources */ = {isa = PBXBuildFile; fileRef = 8AAC630721BE3A22003D6EB6 /* MatchTableViewCell.swift */; };
		8AADEC62219D2C6800A7FD34 /* OthersPageViewController.swift in Sources */ = {isa = PBXBuildFile; fileRef = 8AADEC61219D2C6800A7FD34 /* OthersPageViewController.swift */; };
		8AB49D7721A3D1F9009F6472 /* OthersPage2CollectionViewController.swift in Sources */ = {isa = PBXBuildFile; fileRef = 8AB49D7621A3D1F9009F6472 /* OthersPage2CollectionViewController.swift */; };
		8AB49D7921A3D522009F6472 /* OthersPageUICollectionReusableView.swift in Sources */ = {isa = PBXBuildFile; fileRef = 8AB49D7821A3D522009F6472 /* OthersPageUICollectionReusableView.swift */; };
		8AB6499221AEC9660012439C /* SearchResultCollectionViewController.swift in Sources */ = {isa = PBXBuildFile; fileRef = 8AB6499121AEC9660012439C /* SearchResultCollectionViewController.swift */; };
		8AB6499421AECA250012439C /* ResultMapCollectionReusableView.swift in Sources */ = {isa = PBXBuildFile; fileRef = 8AB6499321AECA250012439C /* ResultMapCollectionReusableView.swift */; };
		8AC6601921C34AB00087D934 /* MyPageCollectionReusableView.swift in Sources */ = {isa = PBXBuildFile; fileRef = 8AC6601821C34AB00087D934 /* MyPageCollectionReusableView.swift */; };
		8AC6601B21C394E70087D934 /* FooterCollectionReusableView.swift in Sources */ = {isa = PBXBuildFile; fileRef = 8AC6601A21C394E70087D934 /* FooterCollectionReusableView.swift */; };
		9D87CEE021B0D4B000CD08B4 /* userCollectionViewCell.swift in Sources */ = {isa = PBXBuildFile; fileRef = 9D87CEDD21B0D4B000CD08B4 /* userCollectionViewCell.swift */; };
		9D87CEE221B0D4B000CD08B4 /* UserAccount.swift in Sources */ = {isa = PBXBuildFile; fileRef = 9D87CEDF21B0D4B000CD08B4 /* UserAccount.swift */; };
		9D87CEE621B0D4DA00CD08B4 /* LoginViewController.swift in Sources */ = {isa = PBXBuildFile; fileRef = 9D87CEE321B0D4D900CD08B4 /* LoginViewController.swift */; };
		9D87CEE721B0D4DA00CD08B4 /* RegisterViewController.swift in Sources */ = {isa = PBXBuildFile; fileRef = 9D87CEE521B0D4DA00CD08B4 /* RegisterViewController.swift */; };
		9D87CEF021B0D55E00CD08B4 /* LodingView.swift in Sources */ = {isa = PBXBuildFile; fileRef = 9D87CEEE21B0D55E00CD08B4 /* LodingView.swift */; };
		AD10473D21C34CD7001C9E58 /* MatchTableViewController.swift in Sources */ = {isa = PBXBuildFile; fileRef = AD10473C21C34CD7001C9E58 /* MatchTableViewController.swift */; };
		AD10473F21C38957001C9E58 /* Assets.xcassets in Resources */ = {isa = PBXBuildFile; fileRef = AD10473E21C38957001C9E58 /* Assets.xcassets */; };
		ADF0815B21C1FF6B0013012F /* CardView.swift in Sources */ = {isa = PBXBuildFile; fileRef = ADF0815821C1FF6B0013012F /* CardView.swift */; };
		ADF0815C21C1FF6B0013012F /* UIImage+Resize.swift in Sources */ = {isa = PBXBuildFile; fileRef = ADF0815921C1FF6B0013012F /* UIImage+Resize.swift */; };
		ADF0815D21C1FF6B0013012F /* ChatView.swift in Sources */ = {isa = PBXBuildFile; fileRef = ADF0815A21C1FF6B0013012F /* ChatView.swift */; };
		ADF0815F21C202FA0013012F /* ChatViewController.swift in Sources */ = {isa = PBXBuildFile; fileRef = ADF0815E21C202FA0013012F /* ChatViewController.swift */; };
		ADF0816121C203A80013012F /* FriendData.swift in Sources */ = {isa = PBXBuildFile; fileRef = ADF0816021C203A80013012F /* FriendData.swift */; };
		C82393A4B472C82F2D8A89A7 /* Pods_MaPle.framework in Frameworks */ = {isa = PBXBuildFile; fileRef = 16DEBB2C3390D9E15785154C /* Pods_MaPle.framework */; };
		DA7F8C3421B559F1009899F6 /* ServerCommunicator.swift in Sources */ = {isa = PBXBuildFile; fileRef = DA7F8C3321B559F1009899F6 /* ServerCommunicator.swift */; };
		FA2B182421BEA02700EF5214 /* WorldTableViewController.swift in Sources */ = {isa = PBXBuildFile; fileRef = FA2B182321BEA02700EF5214 /* WorldTableViewController.swift */; };
		FA2B182621BEA08E00EF5214 /* ModifyPostViewController.swift in Sources */ = {isa = PBXBuildFile; fileRef = FA2B182521BEA08E00EF5214 /* ModifyPostViewController.swift */; };
		FA2B182821BEA0E700EF5214 /* ChartViewController.swift in Sources */ = {isa = PBXBuildFile; fileRef = FA2B182721BEA0E700EF5214 /* ChartViewController.swift */; };
		FA2B182A21BEA23200EF5214 /* FriendPostViewController.swift in Sources */ = {isa = PBXBuildFile; fileRef = FA2B182921BEA23200EF5214 /* FriendPostViewController.swift */; };
		FA2B183021BFB0D100EF5214 /* pinView2.png in Resources */ = {isa = PBXBuildFile; fileRef = FA2B182F21BFB0D100EF5214 /* pinView2.png */; };
		FA39615B21C1ED660024D2CC /* collectEmptyView3.png in Resources */ = {isa = PBXBuildFile; fileRef = FA39615A21C1ED650024D2CC /* collectEmptyView3.png */; };
		FA39615D21C1F72B0024D2CC /* emptyView4.png in Resources */ = {isa = PBXBuildFile; fileRef = FA39615C21C1F72B0024D2CC /* emptyView4.png */; };
		FA39616321C20EFF0024D2CC /* Main.storyboard in Resources */ = {isa = PBXBuildFile; fileRef = FA39616221C20EFF0024D2CC /* Main.storyboard */; };
		FA39616921C2122C0024D2CC /* world-low.svg in Resources */ = {isa = PBXBuildFile; fileRef = FA39616821C2122B0024D2CC /* world-low.svg */; };
		FA39616B21C2128A0024D2CC /* earth-2.png in Resources */ = {isa = PBXBuildFile; fileRef = FA39616A21C2128A0024D2CC /* earth-2.png */; };
		FA5AB39C21C78A5700395B6B /* camera.png in Resources */ = {isa = PBXBuildFile; fileRef = FA5AB39B21C78A5500395B6B /* camera.png */; };
		FA5AB3A021C794D400395B6B /* emptyview2.png in Resources */ = {isa = PBXBuildFile; fileRef = FA5AB39F21C794D400395B6B /* emptyview2.png */; };
		FA5AB3A221C7D3AF00395B6B /* profile-user.png in Resources */ = {isa = PBXBuildFile; fileRef = FA5AB3A121C7D3AE00395B6B /* profile-user.png */; };
/* End PBXBuildFile section */

/* Begin PBXFileReference section */
		16DEBB2C3390D9E15785154C /* Pods_MaPle.framework */ = {isa = PBXFileReference; explicitFileType = wrapper.framework; includeInIndex = 0; path = Pods_MaPle.framework; sourceTree = BUILT_PRODUCTS_DIR; };
		27F6591CDB14574C6CD6EF97 /* Pods-MaPle.release.xcconfig */ = {isa = PBXFileReference; includeInIndex = 1; lastKnownFileType = text.xcconfig; name = "Pods-MaPle.release.xcconfig"; path = "Pods/Target Support Files/Pods-MaPle/Pods-MaPle.release.xcconfig"; sourceTree = "<group>"; };
		81A9F33315809AAE23DFDBA9 /* Pods-MaPle.debug.xcconfig */ = {isa = PBXFileReference; includeInIndex = 1; lastKnownFileType = text.xcconfig; name = "Pods-MaPle.debug.xcconfig"; path = "Pods/Target Support Files/Pods-MaPle/Pods-MaPle.debug.xcconfig"; sourceTree = "<group>"; };
		8A01110921AD8E3B00789296 /* CollectionListViewController.swift */ = {isa = PBXFileReference; lastKnownFileType = sourcecode.swift; path = CollectionListViewController.swift; sourceTree = "<group>"; };
		8A01110B21AD8E5000789296 /* SearchTableViewController.swift */ = {isa = PBXFileReference; lastKnownFileType = sourcecode.swift; path = SearchTableViewController.swift; sourceTree = "<group>"; };
		8A01110D21AD9ABA00789296 /* SearchTableViewCell.swift */ = {isa = PBXFileReference; lastKnownFileType = sourcecode.swift; path = SearchTableViewCell.swift; sourceTree = "<group>"; };
		8A0DE9D92199E5EE0090ABDE /* PictureDetailViewController.swift */ = {isa = PBXFileReference; lastKnownFileType = sourcecode.swift; path = PictureDetailViewController.swift; sourceTree = "<group>"; };
		8A3161E0219523EC00827F28 /* ExploreCommuicator.swift */ = {isa = PBXFileReference; fileEncoding = 4; lastKnownFileType = sourcecode.swift; path = ExploreCommuicator.swift; sourceTree = "<group>"; };
		8A3161E2219524A300827F28 /* MaPle-Bridging-Header.h */ = {isa = PBXFileReference; lastKnownFileType = sourcecode.c.h; path = "MaPle-Bridging-Header.h"; sourceTree = "<group>"; };
		8A3161E3219524A400827F28 /* Reachability.m */ = {isa = PBXFileReference; fileEncoding = 4; lastKnownFileType = sourcecode.c.objc; path = Reachability.m; sourceTree = "<group>"; };
		8A3161E4219524A400827F28 /* Reachability.h */ = {isa = PBXFileReference; fileEncoding = 4; lastKnownFileType = sourcecode.c.h; path = Reachability.h; sourceTree = "<group>"; };
		8A3161E6219526F600827F28 /* ExploreData.swift */ = {isa = PBXFileReference; lastKnownFileType = sourcecode.swift; path = ExploreData.swift; sourceTree = "<group>"; };
		8A613D6D21987F5400ADC06B /* ExploreCollectionViewCell.swift */ = {isa = PBXFileReference; lastKnownFileType = sourcecode.swift; path = ExploreCollectionViewCell.swift; sourceTree = "<group>"; };
		8A8F354521C4E40000E7B8C2 /* recomView.png */ = {isa = PBXFileReference; lastKnownFileType = image.png; path = recomView.png; sourceTree = "<group>"; };
		8AA163AE217F5DC200D80197 /* MaPle.app */ = {isa = PBXFileReference; explicitFileType = wrapper.application; includeInIndex = 0; path = MaPle.app; sourceTree = BUILT_PRODUCTS_DIR; };
		8AA163B1217F5DC200D80197 /* AppDelegate.swift */ = {isa = PBXFileReference; lastKnownFileType = sourcecode.swift; path = AppDelegate.swift; sourceTree = "<group>"; };
		8AA163B5217F5DC200D80197 /* ExploreViewController.swift */ = {isa = PBXFileReference; lastKnownFileType = sourcecode.swift; path = ExploreViewController.swift; sourceTree = "<group>"; };
		8AA163BD217F5DC500D80197 /* Base */ = {isa = PBXFileReference; lastKnownFileType = file.storyboard; name = Base; path = Base.lproj/LaunchScreen.storyboard; sourceTree = "<group>"; };
		8AA163BF217F5DC500D80197 /* Info.plist */ = {isa = PBXFileReference; lastKnownFileType = text.plist.xml; path = Info.plist; sourceTree = "<group>"; };
		8AA2373F21C2B76D00487361 /* newMyPageCollectionViewController.swift */ = {isa = PBXFileReference; lastKnownFileType = sourcecode.swift; path = newMyPageCollectionViewController.swift; sourceTree = "<group>"; };
		8AA71EAE21B12778000B28BE /* MapPageViewController.swift */ = {isa = PBXFileReference; fileEncoding = 4; lastKnownFileType = sourcecode.swift; path = MapPageViewController.swift; sourceTree = "<group>"; };
		8AA71EAF21B12778000B28BE /* MapCommunicator.swift */ = {isa = PBXFileReference; fileEncoding = 4; lastKnownFileType = sourcecode.swift; path = MapCommunicator.swift; sourceTree = "<group>"; };
		8AA71EB221B1298C000B28BE /* PrintHelper.swift */ = {isa = PBXFileReference; fileEncoding = 4; lastKnownFileType = sourcecode.swift; path = PrintHelper.swift; sourceTree = "<group>"; };
		8AA71EB321B1298C000B28BE /* PostCollectionViewCell.swift */ = {isa = PBXFileReference; fileEncoding = 4; lastKnownFileType = sourcecode.swift; path = PostCollectionViewCell.swift; sourceTree = "<group>"; };
		8AA71EB521B1298D000B28BE /* CollectCollectionViewCell.swift */ = {isa = PBXFileReference; fileEncoding = 4; lastKnownFileType = sourcecode.swift; path = CollectCollectionViewCell.swift; sourceTree = "<group>"; };
		8AA71EB621B1298D000B28BE /* MyPageViewController.swift */ = {isa = PBXFileReference; fileEncoding = 4; lastKnownFileType = sourcecode.swift; path = MyPageViewController.swift; sourceTree = "<group>"; };
		8AA71EB721B1298D000B28BE /* MapLocationViewController.swift */ = {isa = PBXFileReference; fileEncoding = 4; lastKnownFileType = sourcecode.swift; path = MapLocationViewController.swift; sourceTree = "<group>"; };
		8AA71EB821B1298D000B28BE /* SinglePostViewController.swift */ = {isa = PBXFileReference; fileEncoding = 4; lastKnownFileType = sourcecode.swift; path = SinglePostViewController.swift; sourceTree = "<group>"; };
		8AA71EB921B1298D000B28BE /* ImageManager.swift */ = {isa = PBXFileReference; fileEncoding = 4; lastKnownFileType = sourcecode.swift; path = ImageManager.swift; sourceTree = "<group>"; };
		8AA71EBA21B1298D000B28BE /* NewPostViewController.swift */ = {isa = PBXFileReference; fileEncoding = 4; lastKnownFileType = sourcecode.swift; path = NewPostViewController.swift; sourceTree = "<group>"; };
		8AA71EBB21B1298D000B28BE /* UserprofileViewController.swift */ = {isa = PBXFileReference; fileEncoding = 4; lastKnownFileType = sourcecode.swift; path = UserprofileViewController.swift; sourceTree = "<group>"; };
		8AA71EBC21B1298D000B28BE /* Communicator.swift */ = {isa = PBXFileReference; fileEncoding = 4; lastKnownFileType = sourcecode.swift; path = Communicator.swift; sourceTree = "<group>"; };
		8AA71EC821B12A1C000B28BE /* FriendlistTableViewController.swift */ = {isa = PBXFileReference; fileEncoding = 4; lastKnownFileType = sourcecode.swift; path = FriendlistTableViewController.swift; sourceTree = "<group>"; };
		8AA71ECA21B12A1D000B28BE /* FriendlistTableViewCell.swift */ = {isa = PBXFileReference; fileEncoding = 4; lastKnownFileType = sourcecode.swift; path = FriendlistTableViewCell.swift; sourceTree = "<group>"; };
		8AA71ECB21B12A1D000B28BE /* EmojiRateView.swift */ = {isa = PBXFileReference; fileEncoding = 4; lastKnownFileType = sourcecode.swift; path = EmojiRateView.swift; sourceTree = "<group>"; };
		8AA71ECC21B12A1D000B28BE /* GradientView.swift */ = {isa = PBXFileReference; fileEncoding = 4; lastKnownFileType = sourcecode.swift; path = GradientView.swift; sourceTree = "<group>"; };
		8AA71ECD21B12A1D000B28BE /* TinderCard.swift */ = {isa = PBXFileReference; fileEncoding = 4; lastKnownFileType = sourcecode.swift; path = TinderCard.swift; sourceTree = "<group>"; };
		8AA71ECE21B12A1D000B28BE /* FriendCommunicator.swift */ = {isa = PBXFileReference; fileEncoding = 4; lastKnownFileType = sourcecode.swift; path = FriendCommunicator.swift; sourceTree = "<group>"; };
		8AA71ECF21B12A1D000B28BE /* FriendPageViewController.swift */ = {isa = PBXFileReference; fileEncoding = 4; lastKnownFileType = sourcecode.swift; path = FriendPageViewController.swift; sourceTree = "<group>"; };
		8AA71ED021B12A1D000B28BE /* InvitationViewController.swift */ = {isa = PBXFileReference; fileEncoding = 4; lastKnownFileType = sourcecode.swift; path = InvitationViewController.swift; sourceTree = "<group>"; };
		8AA9DF85219D6BC1007FCA62 /* LocationMapViewController.swift */ = {isa = PBXFileReference; lastKnownFileType = sourcecode.swift; path = LocationMapViewController.swift; sourceTree = "<group>"; };
		8AAC630221BE3724003D6EB6 /* TitleCollectionReusableView.swift */ = {isa = PBXFileReference; fileEncoding = 4; lastKnownFileType = sourcecode.swift; path = TitleCollectionReusableView.swift; sourceTree = "<group>"; };
		8AAC630721BE3A22003D6EB6 /* MatchTableViewCell.swift */ = {isa = PBXFileReference; fileEncoding = 4; lastKnownFileType = sourcecode.swift; path = MatchTableViewCell.swift; sourceTree = "<group>"; };
		8AADEC61219D2C6800A7FD34 /* OthersPageViewController.swift */ = {isa = PBXFileReference; lastKnownFileType = sourcecode.swift; path = OthersPageViewController.swift; sourceTree = "<group>"; };
		8AB49D7621A3D1F9009F6472 /* OthersPage2CollectionViewController.swift */ = {isa = PBXFileReference; lastKnownFileType = sourcecode.swift; path = OthersPage2CollectionViewController.swift; sourceTree = "<group>"; };
		8AB49D7821A3D522009F6472 /* OthersPageUICollectionReusableView.swift */ = {isa = PBXFileReference; lastKnownFileType = sourcecode.swift; path = OthersPageUICollectionReusableView.swift; sourceTree = "<group>"; };
		8AB6499121AEC9660012439C /* SearchResultCollectionViewController.swift */ = {isa = PBXFileReference; lastKnownFileType = sourcecode.swift; path = SearchResultCollectionViewController.swift; sourceTree = "<group>"; };
		8AB6499321AECA250012439C /* ResultMapCollectionReusableView.swift */ = {isa = PBXFileReference; lastKnownFileType = sourcecode.swift; path = ResultMapCollectionReusableView.swift; sourceTree = "<group>"; };
		8AC6601821C34AB00087D934 /* MyPageCollectionReusableView.swift */ = {isa = PBXFileReference; lastKnownFileType = sourcecode.swift; path = MyPageCollectionReusableView.swift; sourceTree = "<group>"; };
		8AC6601A21C394E70087D934 /* FooterCollectionReusableView.swift */ = {isa = PBXFileReference; lastKnownFileType = sourcecode.swift; path = FooterCollectionReusableView.swift; sourceTree = "<group>"; };
		9D87CEDD21B0D4B000CD08B4 /* userCollectionViewCell.swift */ = {isa = PBXFileReference; fileEncoding = 4; lastKnownFileType = sourcecode.swift; path = userCollectionViewCell.swift; sourceTree = "<group>"; };
		9D87CEDF21B0D4B000CD08B4 /* UserAccount.swift */ = {isa = PBXFileReference; fileEncoding = 4; lastKnownFileType = sourcecode.swift; path = UserAccount.swift; sourceTree = "<group>"; };
		9D87CEE321B0D4D900CD08B4 /* LoginViewController.swift */ = {isa = PBXFileReference; fileEncoding = 4; lastKnownFileType = sourcecode.swift; path = LoginViewController.swift; sourceTree = "<group>"; };
		9D87CEE421B0D4DA00CD08B4 /* MaPle.entitlements */ = {isa = PBXFileReference; fileEncoding = 4; lastKnownFileType = text.plist.entitlements; path = MaPle.entitlements; sourceTree = "<group>"; };
		9D87CEE521B0D4DA00CD08B4 /* RegisterViewController.swift */ = {isa = PBXFileReference; fileEncoding = 4; lastKnownFileType = sourcecode.swift; path = RegisterViewController.swift; sourceTree = "<group>"; };
		9D87CEEE21B0D55E00CD08B4 /* LodingView.swift */ = {isa = PBXFileReference; fileEncoding = 4; lastKnownFileType = sourcecode.swift; path = LodingView.swift; sourceTree = "<group>"; };
		AD10473C21C34CD7001C9E58 /* MatchTableViewController.swift */ = {isa = PBXFileReference; fileEncoding = 4; lastKnownFileType = sourcecode.swift; path = MatchTableViewController.swift; sourceTree = "<group>"; };
		AD10473E21C38957001C9E58 /* Assets.xcassets */ = {isa = PBXFileReference; lastKnownFileType = folder.assetcatalog; path = Assets.xcassets; sourceTree = "<group>"; };
		ADF0815821C1FF6B0013012F /* CardView.swift */ = {isa = PBXFileReference; fileEncoding = 4; lastKnownFileType = sourcecode.swift; path = CardView.swift; sourceTree = "<group>"; };
		ADF0815921C1FF6B0013012F /* UIImage+Resize.swift */ = {isa = PBXFileReference; fileEncoding = 4; lastKnownFileType = sourcecode.swift; path = "UIImage+Resize.swift"; sourceTree = "<group>"; };
		ADF0815A21C1FF6B0013012F /* ChatView.swift */ = {isa = PBXFileReference; fileEncoding = 4; lastKnownFileType = sourcecode.swift; path = ChatView.swift; sourceTree = "<group>"; };
		ADF0815E21C202FA0013012F /* ChatViewController.swift */ = {isa = PBXFileReference; fileEncoding = 4; lastKnownFileType = sourcecode.swift; path = ChatViewController.swift; sourceTree = "<group>"; };
		ADF0816021C203A80013012F /* FriendData.swift */ = {isa = PBXFileReference; fileEncoding = 4; lastKnownFileType = sourcecode.swift; path = FriendData.swift; sourceTree = "<group>"; };
		DA7F8C3321B559F1009899F6 /* ServerCommunicator.swift */ = {isa = PBXFileReference; lastKnownFileType = sourcecode.swift; path = ServerCommunicator.swift; sourceTree = "<group>"; };
		FA2B182321BEA02700EF5214 /* WorldTableViewController.swift */ = {isa = PBXFileReference; lastKnownFileType = sourcecode.swift; path = WorldTableViewController.swift; sourceTree = "<group>"; };
		FA2B182521BEA08E00EF5214 /* ModifyPostViewController.swift */ = {isa = PBXFileReference; lastKnownFileType = sourcecode.swift; path = ModifyPostViewController.swift; sourceTree = "<group>"; };
		FA2B182721BEA0E700EF5214 /* ChartViewController.swift */ = {isa = PBXFileReference; lastKnownFileType = sourcecode.swift; path = ChartViewController.swift; sourceTree = "<group>"; };
		FA2B182921BEA23200EF5214 /* FriendPostViewController.swift */ = {isa = PBXFileReference; lastKnownFileType = sourcecode.swift; path = FriendPostViewController.swift; sourceTree = "<group>"; };
		FA2B182F21BFB0D100EF5214 /* pinView2.png */ = {isa = PBXFileReference; lastKnownFileType = image.png; path = pinView2.png; sourceTree = "<group>"; };
		FA39615A21C1ED650024D2CC /* collectEmptyView3.png */ = {isa = PBXFileReference; lastKnownFileType = image.png; path = collectEmptyView3.png; sourceTree = "<group>"; };
		FA39615C21C1F72B0024D2CC /* emptyView4.png */ = {isa = PBXFileReference; lastKnownFileType = image.png; path = emptyView4.png; sourceTree = "<group>"; };
		FA39616221C20EFF0024D2CC /* Main.storyboard */ = {isa = PBXFileReference; fileEncoding = 4; lastKnownFileType = file.storyboard; path = Main.storyboard; sourceTree = "<group>"; };
		FA39616821C2122B0024D2CC /* world-low.svg */ = {isa = PBXFileReference; fileEncoding = 4; lastKnownFileType = text.xml; path = "world-low.svg"; sourceTree = "<group>"; };
		FA39616A21C2128A0024D2CC /* earth-2.png */ = {isa = PBXFileReference; lastKnownFileType = image.png; path = "earth-2.png"; sourceTree = "<group>"; };
		FA5AB39B21C78A5500395B6B /* camera.png */ = {isa = PBXFileReference; lastKnownFileType = image.png; path = camera.png; sourceTree = "<group>"; };
		FA5AB39F21C794D400395B6B /* emptyview2.png */ = {isa = PBXFileReference; lastKnownFileType = image.png; path = emptyview2.png; sourceTree = "<group>"; };
		FA5AB3A121C7D3AE00395B6B /* profile-user.png */ = {isa = PBXFileReference; lastKnownFileType = image.png; path = "profile-user.png"; sourceTree = "<group>"; };
/* End PBXFileReference section */

/* Begin PBXFrameworksBuildPhase section */
		8AA163AB217F5DC200D80197 /* Frameworks */ = {
			isa = PBXFrameworksBuildPhase;
			buildActionMask = 2147483647;
			files = (
				C82393A4B472C82F2D8A89A7 /* Pods_MaPle.framework in Frameworks */,
			);
			runOnlyForDeploymentPostprocessing = 0;
		};
/* End PBXFrameworksBuildPhase section */

/* Begin PBXGroup section */
		38A99688B3ED0AB1A2BFCC0D /* Pods */ = {
			isa = PBXGroup;
			children = (
				81A9F33315809AAE23DFDBA9 /* Pods-MaPle.debug.xcconfig */,
				27F6591CDB14574C6CD6EF97 /* Pods-MaPle.release.xcconfig */,
			);
			name = Pods;
			sourceTree = "<group>";
		};
		8A3161DF2195239300827F28 /* Explore */ = {
			isa = PBXGroup;
			children = (
				8A8F354521C4E40000E7B8C2 /* recomView.png */,
				8AAC630221BE3724003D6EB6 /* TitleCollectionReusableView.swift */,
				8AB6499321AECA250012439C /* ResultMapCollectionReusableView.swift */,
				8AB6499121AEC9660012439C /* SearchResultCollectionViewController.swift */,
				8AB49D7821A3D522009F6472 /* OthersPageUICollectionReusableView.swift */,
				8AADEC61219D2C6800A7FD34 /* OthersPageViewController.swift */,
				8AB49D7621A3D1F9009F6472 /* OthersPage2CollectionViewController.swift */,
				8A0DE9D92199E5EE0090ABDE /* PictureDetailViewController.swift */,
				8AA9DF85219D6BC1007FCA62 /* LocationMapViewController.swift */,
				8A01110D21AD9ABA00789296 /* SearchTableViewCell.swift */,
				8AA163B5217F5DC200D80197 /* ExploreViewController.swift */,
				8A01110921AD8E3B00789296 /* CollectionListViewController.swift */,
				8A01110B21AD8E5000789296 /* SearchTableViewController.swift */,
				8A613D6D21987F5400ADC06B /* ExploreCollectionViewCell.swift */,
				8A3161E0219523EC00827F28 /* ExploreCommuicator.swift */,
				8A3161E6219526F600827F28 /* ExploreData.swift */,
			);
			name = Explore;
			sourceTree = "<group>";
		};
		8AA163A5217F5DC200D80197 = {
			isa = PBXGroup;
			children = (
				8AA163B0217F5DC200D80197 /* MaPle */,
				8AA163AF217F5DC200D80197 /* Products */,
				38A99688B3ED0AB1A2BFCC0D /* Pods */,
				97C2342A36E01136857BD7D9 /* Frameworks */,
			);
			sourceTree = "<group>";
		};
		8AA163AF217F5DC200D80197 /* Products */ = {
			isa = PBXGroup;
			children = (
				8AA163AE217F5DC200D80197 /* MaPle.app */,
			);
			name = Products;
			sourceTree = "<group>";
		};
		8AA163B0217F5DC200D80197 /* MaPle */ = {
			isa = PBXGroup;
			children = (
				AD10473E21C38957001C9E58 /* Assets.xcassets */,
				9D87CEF221B0E08000CD08B4 /* Login */,
				9D87CEF321B0E09500CD08B4 /* Map */,
				9D87CEF421B0E0E300CD08B4 /* Friend */,
				9D87CEF521B0E10000CD08B4 /* Mypage */,
				9D87CEE421B0D4DA00CD08B4 /* MaPle.entitlements */,
				9D87CEDF21B0D4B000CD08B4 /* UserAccount.swift */,
				8AA163B1217F5DC200D80197 /* AppDelegate.swift */,
				8A3161DF2195239300827F28 /* Explore */,
				FA39616221C20EFF0024D2CC /* Main.storyboard */,
				8A3161E4219524A400827F28 /* Reachability.h */,
				8A3161E3219524A400827F28 /* Reachability.m */,
				8AA163BC217F5DC500D80197 /* LaunchScreen.storyboard */,
				8AA163BF217F5DC500D80197 /* Info.plist */,
				8A3161E2219524A300827F28 /* MaPle-Bridging-Header.h */,
				DA7D129A2181BB1E00286775 /* Payment */,
			);
			path = MaPle;
			sourceTree = "<group>";
		};
		97C2342A36E01136857BD7D9 /* Frameworks */ = {
			isa = PBXGroup;
			children = (
				16DEBB2C3390D9E15785154C /* Pods_MaPle.framework */,
			);
			name = Frameworks;
			sourceTree = "<group>";
		};
		9D87CEF221B0E08000CD08B4 /* Login */ = {
			isa = PBXGroup;
			children = (
				9D87CEE521B0D4DA00CD08B4 /* RegisterViewController.swift */,
				9D87CEE321B0D4D900CD08B4 /* LoginViewController.swift */,
			);
			name = Login;
			path = ../Login;
			sourceTree = "<group>";
		};
		9D87CEF321B0E09500CD08B4 /* Map */ = {
			isa = PBXGroup;
			children = (
				9D87CEDD21B0D4B000CD08B4 /* userCollectionViewCell.swift */,
				8AA71EAF21B12778000B28BE /* MapCommunicator.swift */,
				8AA71EAE21B12778000B28BE /* MapPageViewController.swift */,
			);
			name = Map;
			path = ../Map;
			sourceTree = "<group>";
		};
		9D87CEF421B0E0E300CD08B4 /* Friend */ = {
			isa = PBXGroup;
			children = (
				8AA71ECE21B12A1D000B28BE /* FriendCommunicator.swift */,
				8AA71ECF21B12A1D000B28BE /* FriendPageViewController.swift */,
				ADF0816021C203A80013012F /* FriendData.swift */,
				8AA71EC821B12A1C000B28BE /* FriendlistTableViewController.swift */,
				ADF0815E21C202FA0013012F /* ChatViewController.swift */,
				8AA71ECA21B12A1D000B28BE /* FriendlistTableViewCell.swift */,
				AD10473C21C34CD7001C9E58 /* MatchTableViewController.swift */,
				8AAC630721BE3A22003D6EB6 /* MatchTableViewCell.swift */,
				8AA71ED021B12A1D000B28BE /* InvitationViewController.swift */,
				8AA71ECD21B12A1D000B28BE /* TinderCard.swift */,
				8AA71ECB21B12A1D000B28BE /* EmojiRateView.swift */,
				8AA71ECC21B12A1D000B28BE /* GradientView.swift */,
				ADF0815821C1FF6B0013012F /* CardView.swift */,
				ADF0815A21C1FF6B0013012F /* ChatView.swift */,
				ADF0815921C1FF6B0013012F /* UIImage+Resize.swift */,
			);
			path = Friend;
			sourceTree = "<group>";
		};
		9D87CEF521B0E10000CD08B4 /* Mypage */ = {
			isa = PBXGroup;
			children = (
				FA39616A21C2128A0024D2CC /* earth-2.png */,
				FA39616821C2122B0024D2CC /* world-low.svg */,
				FA5AB39B21C78A5500395B6B /* camera.png */,
				8AA71EB521B1298D000B28BE /* CollectCollectionViewCell.swift */,
				FA2B182721BEA0E700EF5214 /* ChartViewController.swift */,
				FA2B182521BEA08E00EF5214 /* ModifyPostViewController.swift */,
				8AA71EBC21B1298D000B28BE /* Communicator.swift */,
				FA2B182321BEA02700EF5214 /* WorldTableViewController.swift */,
				8AA71EB921B1298D000B28BE /* ImageManager.swift */,
				8AA71EB721B1298D000B28BE /* MapLocationViewController.swift */,
				FA2B182921BEA23200EF5214 /* FriendPostViewController.swift */,
				FA5AB39F21C794D400395B6B /* emptyview2.png */,
				FA39615A21C1ED650024D2CC /* collectEmptyView3.png */,
				8AA71EB621B1298D000B28BE /* MyPageViewController.swift */,
				FA39615C21C1F72B0024D2CC /* emptyView4.png */,
				8AA71EBA21B1298D000B28BE /* NewPostViewController.swift */,
				8AA71EB321B1298C000B28BE /* PostCollectionViewCell.swift */,
				8AA71EB221B1298C000B28BE /* PrintHelper.swift */,
				8AA71EB821B1298D000B28BE /* SinglePostViewController.swift */,
				FA2B182F21BFB0D100EF5214 /* pinView2.png */,
				8AA71EBB21B1298D000B28BE /* UserprofileViewController.swift */,
				FA5AB3A121C7D3AE00395B6B /* profile-user.png */,
				8AA2373F21C2B76D00487361 /* newMyPageCollectionViewController.swift */,
				8AC6601821C34AB00087D934 /* MyPageCollectionReusableView.swift */,
				8AC6601A21C394E70087D934 /* FooterCollectionReusableView.swift */,
			);
			path = Mypage;
			sourceTree = "<group>";
		};
		DA7D129A2181BB1E00286775 /* Payment */ = {
			isa = PBXGroup;
			children = (
				9D87CEEE21B0D55E00CD08B4 /* LodingView.swift */,
				DA7F8C3321B559F1009899F6 /* ServerCommunicator.swift */,
			);
			path = Payment;
			sourceTree = "<group>";
		};
/* End PBXGroup section */

/* Begin PBXNativeTarget section */
		8AA163AD217F5DC200D80197 /* MaPle */ = {
			isa = PBXNativeTarget;
			buildConfigurationList = 8AA163C2217F5DC500D80197 /* Build configuration list for PBXNativeTarget "MaPle" */;
			buildPhases = (
				6FDBAB8676D213B729B98E49 /* [CP] Check Pods Manifest.lock */,
				8AA163AA217F5DC200D80197 /* Sources */,
				8AA163AB217F5DC200D80197 /* Frameworks */,
				8AA163AC217F5DC200D80197 /* Resources */,
				088A894B9C392DBB6D09C407 /* [CP] Embed Pods Frameworks */,
			);
			buildRules = (
			);
			dependencies = (
			);
			name = MaPle;
			productName = MaPle;
			productReference = 8AA163AE217F5DC200D80197 /* MaPle.app */;
			productType = "com.apple.product-type.application";
		};
/* End PBXNativeTarget section */

/* Begin PBXProject section */
		8AA163A6217F5DC200D80197 /* Project object */ = {
			isa = PBXProject;
			attributes = {
				LastSwiftUpdateCheck = 1000;
				LastUpgradeCheck = 1000;
				TargetAttributes = {
					8AA163AD217F5DC200D80197 = {
						CreatedOnToolsVersion = 10.0;
						LastSwiftMigration = 1000;
						SystemCapabilities = {
							com.apple.InAppPurchase = {
								enabled = 0;
							};
						};
					};
				};
			};
			buildConfigurationList = 8AA163A9217F5DC200D80197 /* Build configuration list for PBXProject "MaPle" */;
			compatibilityVersion = "Xcode 9.3";
			developmentRegion = en;
			hasScannedForEncodings = 0;
			knownRegions = (
				en,
				Base,
			);
			mainGroup = 8AA163A5217F5DC200D80197;
			productRefGroup = 8AA163AF217F5DC200D80197 /* Products */;
			projectDirPath = "";
			projectRoot = "";
			targets = (
				8AA163AD217F5DC200D80197 /* MaPle */,
			);
		};
/* End PBXProject section */

/* Begin PBXResourcesBuildPhase section */
		8AA163AC217F5DC200D80197 /* Resources */ = {
			isa = PBXResourcesBuildPhase;
			buildActionMask = 2147483647;
			files = (
				FA5AB3A221C7D3AF00395B6B /* profile-user.png in Resources */,
				FA5AB39C21C78A5700395B6B /* camera.png in Resources */,
				8AA163BE217F5DC500D80197 /* LaunchScreen.storyboard in Resources */,
				FA39616921C2122C0024D2CC /* world-low.svg in Resources */,
				8A8F354621C4E40000E7B8C2 /* recomView.png in Resources */,
				FA5AB3A021C794D400395B6B /* emptyview2.png in Resources */,
				FA39616321C20EFF0024D2CC /* Main.storyboard in Resources */,
				FA39616B21C2128A0024D2CC /* earth-2.png in Resources */,
				FA39615B21C1ED660024D2CC /* collectEmptyView3.png in Resources */,
				FA2B183021BFB0D100EF5214 /* pinView2.png in Resources */,
				AD10473F21C38957001C9E58 /* Assets.xcassets in Resources */,
				FA39615D21C1F72B0024D2CC /* emptyView4.png in Resources */,
			);
			runOnlyForDeploymentPostprocessing = 0;
		};
/* End PBXResourcesBuildPhase section */

/* Begin PBXShellScriptBuildPhase section */
		088A894B9C392DBB6D09C407 /* [CP] Embed Pods Frameworks */ = {
			isa = PBXShellScriptBuildPhase;
			buildActionMask = 2147483647;
			files = (
			);
			inputPaths = (
				"${SRCROOT}/Pods/Target Support Files/Pods-MaPle/Pods-MaPle-frameworks.sh",
				"${BUILT_PRODUCTS_DIR}/Alamofire/Alamofire.framework",
				"${BUILT_PRODUCTS_DIR}/FSInteractiveMap/FSInteractiveMap.framework",
				"${BUILT_PRODUCTS_DIR}/Starscream/Starscream.framework",
				"${BUILT_PRODUCTS_DIR}/UITextView+Placeholder/UITextView_Placeholder.framework",
			);
			name = "[CP] Embed Pods Frameworks";
			outputPaths = (
				"${TARGET_BUILD_DIR}/${FRAMEWORKS_FOLDER_PATH}/Alamofire.framework",
				"${TARGET_BUILD_DIR}/${FRAMEWORKS_FOLDER_PATH}/FSInteractiveMap.framework",
				"${TARGET_BUILD_DIR}/${FRAMEWORKS_FOLDER_PATH}/Starscream.framework",
				"${TARGET_BUILD_DIR}/${FRAMEWORKS_FOLDER_PATH}/UITextView_Placeholder.framework",
			);
			runOnlyForDeploymentPostprocessing = 0;
			shellPath = /bin/sh;
			shellScript = "\"${SRCROOT}/Pods/Target Support Files/Pods-MaPle/Pods-MaPle-frameworks.sh\"\n";
			showEnvVarsInLog = 0;
		};
		6FDBAB8676D213B729B98E49 /* [CP] Check Pods Manifest.lock */ = {
			isa = PBXShellScriptBuildPhase;
			buildActionMask = 2147483647;
			files = (
			);
			inputPaths = (
				"${PODS_PODFILE_DIR_PATH}/Podfile.lock",
				"${PODS_ROOT}/Manifest.lock",
			);
			name = "[CP] Check Pods Manifest.lock";
			outputPaths = (
				"$(DERIVED_FILE_DIR)/Pods-MaPle-checkManifestLockResult.txt",
			);
			runOnlyForDeploymentPostprocessing = 0;
			shellPath = /bin/sh;
			shellScript = "diff \"${PODS_PODFILE_DIR_PATH}/Podfile.lock\" \"${PODS_ROOT}/Manifest.lock\" > /dev/null\nif [ $? != 0 ] ; then\n    # print error to STDERR\n    echo \"error: The sandbox is not in sync with the Podfile.lock. Run 'pod install' or update your CocoaPods installation.\" >&2\n    exit 1\nfi\n# This output is used by Xcode 'outputs' to avoid re-running this script phase.\necho \"SUCCESS\" > \"${SCRIPT_OUTPUT_FILE_0}\"\n";
			showEnvVarsInLog = 0;
		};
/* End PBXShellScriptBuildPhase section */

/* Begin PBXSourcesBuildPhase section */
		8AA163AA217F5DC200D80197 /* Sources */ = {
			isa = PBXSourcesBuildPhase;
			buildActionMask = 2147483647;
			files = (
				8AA71EC221B1298D000B28BE /* MapLocationViewController.swift in Sources */,
				8AA71EB121B12778000B28BE /* MapCommunicator.swift in Sources */,
				8AA71ED521B12A1D000B28BE /* GradientView.swift in Sources */,
				8AA163B6217F5DC200D80197 /* ExploreViewController.swift in Sources */,
				8AA71EC421B1298D000B28BE /* ImageManager.swift in Sources */,
				ADF0815C21C1FF6B0013012F /* UIImage+Resize.swift in Sources */,
				8AB6499421AECA250012439C /* ResultMapCollectionReusableView.swift in Sources */,
				ADF0816121C203A80013012F /* FriendData.swift in Sources */,
				8AB6499221AEC9660012439C /* SearchResultCollectionViewController.swift in Sources */,
				FA2B182821BEA0E700EF5214 /* ChartViewController.swift in Sources */,
				ADF0815F21C202FA0013012F /* ChatViewController.swift in Sources */,
				8A01110C21AD8E5000789296 /* SearchTableViewController.swift in Sources */,
				8AA71ED621B12A1D000B28BE /* TinderCard.swift in Sources */,
				AD10473D21C34CD7001C9E58 /* MatchTableViewController.swift in Sources */,
				8AA71ED421B12A1D000B28BE /* EmojiRateView.swift in Sources */,
				8A01110A21AD8E3B00789296 /* CollectionListViewController.swift in Sources */,
				8AAC630921BE3A22003D6EB6 /* MatchTableViewCell.swift in Sources */,
				8AA71EC021B1298D000B28BE /* CollectCollectionViewCell.swift in Sources */,
				8AB49D7721A3D1F9009F6472 /* OthersPage2CollectionViewController.swift in Sources */,
				9D87CEE221B0D4B000CD08B4 /* UserAccount.swift in Sources */,
				8AA71EC621B1298D000B28BE /* UserprofileViewController.swift in Sources */,
				8AA71EC121B1298D000B28BE /* MyPageViewController.swift in Sources */,
				8AA9DF86219D6BC1007FCA62 /* LocationMapViewController.swift in Sources */,
				FA2B182A21BEA23200EF5214 /* FriendPostViewController.swift in Sources */,
				8A613D6E21987F5400ADC06B /* ExploreCollectionViewCell.swift in Sources */,
				8AA71ED121B12A1D000B28BE /* FriendlistTableViewController.swift in Sources */,
				8AAC630321BE3724003D6EB6 /* TitleCollectionReusableView.swift in Sources */,
				8AADEC62219D2C6800A7FD34 /* OthersPageViewController.swift in Sources */,
				8A01110E21AD9ABA00789296 /* SearchTableViewCell.swift in Sources */,
				9D87CEE621B0D4DA00CD08B4 /* LoginViewController.swift in Sources */,
				8A0DE9DA2199E5EE0090ABDE /* PictureDetailViewController.swift in Sources */,
				8AA71EC321B1298D000B28BE /* SinglePostViewController.swift in Sources */,
				8AA71ED721B12A1D000B28BE /* FriendCommunicator.swift in Sources */,
				8AA163B2217F5DC200D80197 /* AppDelegate.swift in Sources */,
				8AA71EC721B1298D000B28BE /* Communicator.swift in Sources */,
				8AA2374021C2B76D00487361 /* newMyPageCollectionViewController.swift in Sources */,
				8AC6601B21C394E70087D934 /* FooterCollectionReusableView.swift in Sources */,
				8AA71EBE21B1298D000B28BE /* PostCollectionViewCell.swift in Sources */,
				8A3161E5219524A400827F28 /* Reachability.m in Sources */,
				8AB49D7921A3D522009F6472 /* OthersPageUICollectionReusableView.swift in Sources */,
				9D87CEF021B0D55E00CD08B4 /* LodingView.swift in Sources */,
				8AC6601921C34AB00087D934 /* MyPageCollectionReusableView.swift in Sources */,
				DA7F8C3421B559F1009899F6 /* ServerCommunicator.swift in Sources */,
				8AA71EB021B12778000B28BE /* MapPageViewController.swift in Sources */,
				8AA71ED321B12A1D000B28BE /* FriendlistTableViewCell.swift in Sources */,
				9D87CEE021B0D4B000CD08B4 /* userCollectionViewCell.swift in Sources */,
				ADF0815D21C1FF6B0013012F /* ChatView.swift in Sources */,
				9D87CEE721B0D4DA00CD08B4 /* RegisterViewController.swift in Sources */,
				8AA71EBD21B1298D000B28BE /* PrintHelper.swift in Sources */,
				FA2B182421BEA02700EF5214 /* WorldTableViewController.swift in Sources */,
				8A3161E1219523EC00827F28 /* ExploreCommuicator.swift in Sources */,
				8AA71ED821B12A1D000B28BE /* FriendPageViewController.swift in Sources */,
				FA2B182621BEA08E00EF5214 /* ModifyPostViewController.swift in Sources */,
				8AA71ED921B12A1D000B28BE /* InvitationViewController.swift in Sources */,
				8A3161E7219526F600827F28 /* ExploreData.swift in Sources */,
				ADF0815B21C1FF6B0013012F /* CardView.swift in Sources */,
				8AA71EC521B1298D000B28BE /* NewPostViewController.swift in Sources */,
			);
			runOnlyForDeploymentPostprocessing = 0;
		};
/* End PBXSourcesBuildPhase section */

/* Begin PBXVariantGroup section */
		8AA163BC217F5DC500D80197 /* LaunchScreen.storyboard */ = {
			isa = PBXVariantGroup;
			children = (
				8AA163BD217F5DC500D80197 /* Base */,
			);
			name = LaunchScreen.storyboard;
			sourceTree = "<group>";
		};
/* End PBXVariantGroup section */

/* Begin XCBuildConfiguration section */
		8AA163C0217F5DC500D80197 /* Debug */ = {
			isa = XCBuildConfiguration;
			buildSettings = {
				ALWAYS_SEARCH_USER_PATHS = NO;
				CLANG_ANALYZER_NONNULL = YES;
				CLANG_ANALYZER_NUMBER_OBJECT_CONVERSION = YES_AGGRESSIVE;
				CLANG_CXX_LANGUAGE_STANDARD = "gnu++14";
				CLANG_CXX_LIBRARY = "libc++";
				CLANG_ENABLE_MODULES = YES;
				CLANG_ENABLE_OBJC_ARC = YES;
				CLANG_ENABLE_OBJC_WEAK = YES;
				CLANG_WARN_BLOCK_CAPTURE_AUTORELEASING = YES;
				CLANG_WARN_BOOL_CONVERSION = YES;
				CLANG_WARN_COMMA = YES;
				CLANG_WARN_CONSTANT_CONVERSION = YES;
				CLANG_WARN_DEPRECATED_OBJC_IMPLEMENTATIONS = YES;
				CLANG_WARN_DIRECT_OBJC_ISA_USAGE = YES_ERROR;
				CLANG_WARN_DOCUMENTATION_COMMENTS = YES;
				CLANG_WARN_EMPTY_BODY = YES;
				CLANG_WARN_ENUM_CONVERSION = YES;
				CLANG_WARN_INFINITE_RECURSION = YES;
				CLANG_WARN_INT_CONVERSION = YES;
				CLANG_WARN_NON_LITERAL_NULL_CONVERSION = YES;
				CLANG_WARN_OBJC_IMPLICIT_RETAIN_SELF = YES;
				CLANG_WARN_OBJC_LITERAL_CONVERSION = YES;
				CLANG_WARN_OBJC_ROOT_CLASS = YES_ERROR;
				CLANG_WARN_RANGE_LOOP_ANALYSIS = YES;
				CLANG_WARN_STRICT_PROTOTYPES = YES;
				CLANG_WARN_SUSPICIOUS_MOVE = YES;
				CLANG_WARN_UNGUARDED_AVAILABILITY = YES_AGGRESSIVE;
				CLANG_WARN_UNREACHABLE_CODE = YES;
				CLANG_WARN__DUPLICATE_METHOD_MATCH = YES;
				CODE_SIGN_IDENTITY = "iPhone Developer";
				COPY_PHASE_STRIP = NO;
				DEBUG_INFORMATION_FORMAT = dwarf;
				ENABLE_STRICT_OBJC_MSGSEND = YES;
				ENABLE_TESTABILITY = YES;
				GCC_C_LANGUAGE_STANDARD = gnu11;
				GCC_DYNAMIC_NO_PIC = NO;
				GCC_NO_COMMON_BLOCKS = YES;
				GCC_OPTIMIZATION_LEVEL = 0;
				GCC_PREPROCESSOR_DEFINITIONS = (
					"DEBUG=1",
					"$(inherited)",
				);
				GCC_WARN_64_TO_32_BIT_CONVERSION = YES;
				GCC_WARN_ABOUT_RETURN_TYPE = YES_ERROR;
				GCC_WARN_UNDECLARED_SELECTOR = YES;
				GCC_WARN_UNINITIALIZED_AUTOS = YES_AGGRESSIVE;
				GCC_WARN_UNUSED_FUNCTION = YES;
				GCC_WARN_UNUSED_VARIABLE = YES;
				IPHONEOS_DEPLOYMENT_TARGET = 12.0;
				MTL_ENABLE_DEBUG_INFO = INCLUDE_SOURCE;
				MTL_FAST_MATH = YES;
				ONLY_ACTIVE_ARCH = YES;
				SDKROOT = iphoneos;
				SWIFT_ACTIVE_COMPILATION_CONDITIONS = DEBUG;
				SWIFT_OPTIMIZATION_LEVEL = "-Onone";
			};
			name = Debug;
		};
		8AA163C1217F5DC500D80197 /* Release */ = {
			isa = XCBuildConfiguration;
			buildSettings = {
				ALWAYS_SEARCH_USER_PATHS = NO;
				CLANG_ANALYZER_NONNULL = YES;
				CLANG_ANALYZER_NUMBER_OBJECT_CONVERSION = YES_AGGRESSIVE;
				CLANG_CXX_LANGUAGE_STANDARD = "gnu++14";
				CLANG_CXX_LIBRARY = "libc++";
				CLANG_ENABLE_MODULES = YES;
				CLANG_ENABLE_OBJC_ARC = YES;
				CLANG_ENABLE_OBJC_WEAK = YES;
				CLANG_WARN_BLOCK_CAPTURE_AUTORELEASING = YES;
				CLANG_WARN_BOOL_CONVERSION = YES;
				CLANG_WARN_COMMA = YES;
				CLANG_WARN_CONSTANT_CONVERSION = YES;
				CLANG_WARN_DEPRECATED_OBJC_IMPLEMENTATIONS = YES;
				CLANG_WARN_DIRECT_OBJC_ISA_USAGE = YES_ERROR;
				CLANG_WARN_DOCUMENTATION_COMMENTS = YES;
				CLANG_WARN_EMPTY_BODY = YES;
				CLANG_WARN_ENUM_CONVERSION = YES;
				CLANG_WARN_INFINITE_RECURSION = YES;
				CLANG_WARN_INT_CONVERSION = YES;
				CLANG_WARN_NON_LITERAL_NULL_CONVERSION = YES;
				CLANG_WARN_OBJC_IMPLICIT_RETAIN_SELF = YES;
				CLANG_WARN_OBJC_LITERAL_CONVERSION = YES;
				CLANG_WARN_OBJC_ROOT_CLASS = YES_ERROR;
				CLANG_WARN_RANGE_LOOP_ANALYSIS = YES;
				CLANG_WARN_STRICT_PROTOTYPES = YES;
				CLANG_WARN_SUSPICIOUS_MOVE = YES;
				CLANG_WARN_UNGUARDED_AVAILABILITY = YES_AGGRESSIVE;
				CLANG_WARN_UNREACHABLE_CODE = YES;
				CLANG_WARN__DUPLICATE_METHOD_MATCH = YES;
				CODE_SIGN_IDENTITY = "iPhone Developer";
				COPY_PHASE_STRIP = NO;
				DEBUG_INFORMATION_FORMAT = "dwarf-with-dsym";
				ENABLE_NS_ASSERTIONS = NO;
				ENABLE_STRICT_OBJC_MSGSEND = YES;
				GCC_C_LANGUAGE_STANDARD = gnu11;
				GCC_NO_COMMON_BLOCKS = YES;
				GCC_WARN_64_TO_32_BIT_CONVERSION = YES;
				GCC_WARN_ABOUT_RETURN_TYPE = YES_ERROR;
				GCC_WARN_UNDECLARED_SELECTOR = YES;
				GCC_WARN_UNINITIALIZED_AUTOS = YES_AGGRESSIVE;
				GCC_WARN_UNUSED_FUNCTION = YES;
				GCC_WARN_UNUSED_VARIABLE = YES;
				IPHONEOS_DEPLOYMENT_TARGET = 12.0;
				MTL_ENABLE_DEBUG_INFO = NO;
				MTL_FAST_MATH = YES;
				SDKROOT = iphoneos;
				SWIFT_COMPILATION_MODE = wholemodule;
				SWIFT_OPTIMIZATION_LEVEL = "-O";
				VALIDATE_PRODUCT = YES;
			};
			name = Release;
		};
		8AA163C3217F5DC500D80197 /* Debug */ = {
			isa = XCBuildConfiguration;
			baseConfigurationReference = 81A9F33315809AAE23DFDBA9 /* Pods-MaPle.debug.xcconfig */;
			buildSettings = {
				ASSETCATALOG_COMPILER_APPICON_NAME = AppIcon;
				CLANG_ENABLE_MODULES = YES;
				CODE_SIGN_IDENTITY = "iPhone Developer";
				CODE_SIGN_STYLE = Automatic;
				DEVELOPMENT_TEAM = 53L8H6U7Q7;
				INFOPLIST_FILE = MaPle/Info.plist;
				LD_RUNPATH_SEARCH_PATHS = (
					"$(inherited)",
					"@executable_path/Frameworks",
				);
				PRODUCT_BUNDLE_IDENTIFIER = cp102.MaPle000000;
				PRODUCT_NAME = "$(TARGET_NAME)";
				PROVISIONING_PROFILE_SPECIFIER = "";
				SWIFT_OBJC_BRIDGING_HEADER = "$(PROJECT_DIR)/MaPle/MaPle-Bridging-Header.h";
				SWIFT_OPTIMIZATION_LEVEL = "-Onone";
				SWIFT_VERSION = 4.2;
				TARGETED_DEVICE_FAMILY = "1,2";
			};
			name = Debug;
		};
		8AA163C4217F5DC500D80197 /* Release */ = {
			isa = XCBuildConfiguration;
			baseConfigurationReference = 27F6591CDB14574C6CD6EF97 /* Pods-MaPle.release.xcconfig */;
			buildSettings = {
				ASSETCATALOG_COMPILER_APPICON_NAME = AppIcon;
				CLANG_ENABLE_MODULES = YES;
				CODE_SIGN_IDENTITY = "iPhone Developer";
				CODE_SIGN_STYLE = Automatic;
				DEVELOPMENT_TEAM = 53L8H6U7Q7;
				INFOPLIST_FILE = MaPle/Info.plist;
				LD_RUNPATH_SEARCH_PATHS = (
					"$(inherited)",
					"@executable_path/Frameworks",
				);
				PRODUCT_BUNDLE_IDENTIFIER = cp102.MaPle000000;
				PRODUCT_NAME = "$(TARGET_NAME)";
				PROVISIONING_PROFILE_SPECIFIER = "";
				SWIFT_OBJC_BRIDGING_HEADER = "$(PROJECT_DIR)/MaPle/MaPle-Bridging-Header.h";
				SWIFT_VERSION = 4.2;
				TARGETED_DEVICE_FAMILY = "1,2";
			};
			name = Release;
		};
/* End XCBuildConfiguration section */

/* Begin XCConfigurationList section */
		8AA163A9217F5DC200D80197 /* Build configuration list for PBXProject "MaPle" */ = {
			isa = XCConfigurationList;
			buildConfigurations = (
				8AA163C0217F5DC500D80197 /* Debug */,
				8AA163C1217F5DC500D80197 /* Release */,
			);
			defaultConfigurationIsVisible = 0;
			defaultConfigurationName = Release;
		};
		8AA163C2217F5DC500D80197 /* Build configuration list for PBXNativeTarget "MaPle" */ = {
			isa = XCConfigurationList;
			buildConfigurations = (
				8AA163C3217F5DC500D80197 /* Debug */,
				8AA163C4217F5DC500D80197 /* Release */,
			);
			defaultConfigurationIsVisible = 0;
			defaultConfigurationName = Release;
		};
/* End XCConfigurationList section */
	};
	rootObject = 8AA163A6217F5DC200D80197 /* Project object */;
}
